
Microsoft Visual Studio Solution File, Format Version 12.00
# Visual Studio Version 16
VisualStudioVersion = 16.0.29613.14
MinimumVisualStudioVersion = 10.0.40219.1
Project("{FAE04EC0-301F-11D3-BF4B-00C04F79EFBC}") = "SKU_API", "SKU_API\SKU_API.csproj", "{B58BC99C-45D1-4EC1-BEFE-9B006990DDE7}"
EndProject
Global
	GlobalSection(SolutionConfigurationPlatforms) = preSolution
		Debug|Any CPU = Debug|Any CPU
		Release|Any CPU = Release|Any CPU
	EndGlobalSection
	GlobalSection(ProjectConfigurationPlatforms) = postSolution
		{B58BC99C-45D1-4EC1-BEFE-9B006990DDE7}.Debug|Any CPU.ActiveCfg = Debug|Any CPU
		{B58BC99C-45D1-4EC1-BEFE-9B006990DDE7}.Debug|Any CPU.Build.0 = Debug|Any CPU
		{B58BC99C-45D1-4EC1-BEFE-9B006990DDE7}.Release|Any CPU.ActiveCfg = Release|Any CPU
		{B58BC99C-45D1-4EC1-BEFE-9B006990DDE7}.Release|Any CPU.Build.0 = Release|Any CPU
	EndGlobalSection
	GlobalSection(SolutionProperties) = preSolution
		HideSolutionNode = FALSE
	EndGlobalSection
	GlobalSection(ExtensibilityGlobals) = postSolution
		SolutionGuid = {A08406B5-745C-4240-B769-93F739D8E9B6}
	EndGlobalSection
EndGlobal
